
Microsoft Visual Studio Solution File, Format Version 12.00
# Visual Studio Version 16
VisualStudioVersion = 16.0.30309.148
MinimumVisualStudioVersion = 10.0.40219.1
Project("{FAE04EC0-301F-11D3-BF4B-00C04F79EFBC}") = "Navirat", "Navirat\Navirat.csproj", "{AD523D33-9EAA-451D-81A3-18B5F6C386EF}"
EndProject
Global
	GlobalSection(SolutionConfigurationPlatforms) = preSolution
		Debug|Any CPU = Debug|Any CPU
		Release|Any CPU = Release|Any CPU
	EndGlobalSection
	GlobalSection(ProjectConfigurationPlatforms) = postSolution
		{AD523D33-9EAA-451D-81A3-18B5F6C386EF}.Debug|Any CPU.ActiveCfg = Debug|Any CPU
		{AD523D33-9EAA-451D-81A3-18B5F6C386EF}.Debug|Any CPU.Build.0 = Debug|Any CPU
		{AD523D33-9EAA-451D-81A3-18B5F6C386EF}.Release|Any CPU.ActiveCfg = Release|Any CPU
		{AD523D33-9EAA-451D-81A3-18B5F6C386EF}.Release|Any CPU.Build.0 = Release|Any CPU
	EndGlobalSection
	GlobalSection(SolutionProperties) = preSolution
		HideSolutionNode = FALSE
	EndGlobalSection
	GlobalSection(ExtensibilityGlobals) = postSolution
		SolutionGuid = {3D774EE1-528B-4034-B496-8C0C1E0CDE14}
	EndGlobalSection
EndGlobal
